
Microsoft Visual Studio Solution File, Format Version 12.00
# Visual Studio Version 17
VisualStudioVersion = 17.11.35327.3
MinimumVisualStudioVersion = 10.0.40219.1
Project("{FAE04EC0-301F-11D3-BF4B-00C04F79EFBC}") = "MauiApp1", "MauiApp1.csproj", "{33240D20-0ED1-4C5A-848A-41ED2FFFFB0B}"
EndProject
Global
	GlobalSection(SolutionConfigurationPlatforms) = preSolution
		Debug|Any CPU = Debug|Any CPU
		Release|Any CPU = Release|Any CPU
	EndGlobalSection
	GlobalSection(ProjectConfigurationPlatforms) = postSolution
		{33240D20-0ED1-4C5A-848A-41ED2FFFFB0B}.Debug|Any CPU.ActiveCfg = Release|Any CPU
		{33240D20-0ED1-4C5A-848A-41ED2FFFFB0B}.Debug|Any CPU.Build.0 = Release|Any CPU
		{33240D20-0ED1-4C5A-848A-41ED2FFFFB0B}.Debug|Any CPU.Deploy.0 = Release|Any CPU
		{33240D20-0ED1-4C5A-848A-41ED2FFFFB0B}.Release|Any CPU.ActiveCfg = Release|Any CPU
		{33240D20-0ED1-4C5A-848A-41ED2FFFFB0B}.Release|Any CPU.Build.0 = Release|Any CPU
		{33240D20-0ED1-4C5A-848A-41ED2FFFFB0B}.Release|Any CPU.Deploy.0 = Release|Any CPU
	EndGlobalSection
	GlobalSection(SolutionProperties) = preSolution
		HideSolutionNode = FALSE
	EndGlobalSection
	GlobalSection(ExtensibilityGlobals) = postSolution
		SolutionGuid = {19D0621F-DBDF-4BDF-A7B3-5C997D33BB7B}
	EndGlobalSection
EndGlobal
